
Microsoft Visual Studio Solution File, Format Version 12.00
# Visual Studio Version 16
VisualStudioVersion = 16.0.29215.179
MinimumVisualStudioVersion = 10.0.40219.1
Project("{FAE04EC0-301F-11D3-BF4B-00C04F79EFBC}") = "MultiSoftware", "MultiSoftware\MultiSoftware.csproj", "{1E209535-0123-4BDE-BC25-FDB3FCB08D16}"
EndProject
Global
	GlobalSection(SolutionConfigurationPlatforms) = preSolution
		Debug|Any CPU = Debug|Any CPU
		Release|Any CPU = Release|Any CPU
	EndGlobalSection
	GlobalSection(ProjectConfigurationPlatforms) = postSolution
		{1E209535-0123-4BDE-BC25-FDB3FCB08D16}.Debug|Any CPU.ActiveCfg = Debug|Any CPU
		{1E209535-0123-4BDE-BC25-FDB3FCB08D16}.Debug|Any CPU.Build.0 = Debug|Any CPU
		{1E209535-0123-4BDE-BC25-FDB3FCB08D16}.Release|Any CPU.ActiveCfg = Release|Any CPU
		{1E209535-0123-4BDE-BC25-FDB3FCB08D16}.Release|Any CPU.Build.0 = Release|Any CPU
	EndGlobalSection
	GlobalSection(SolutionProperties) = preSolution
		HideSolutionNode = FALSE
	EndGlobalSection
	GlobalSection(ExtensibilityGlobals) = postSolution
		SolutionGuid = {F0624F97-52A9-4AB7-A322-4FAB3ECE3036}
	EndGlobalSection
EndGlobal
